// !$*UTF8*$!
{
	archiveVersion = 1;
	classes = {
	};
	objectVersion = 52;
	objects = {

/* Begin PBXBuildFile section */
		241A15EC26D656500076966B /* Alamofire in Frameworks */ = {isa = PBXBuildFile; productRef = 241A15EB26D656500076966B /* Alamofire */; };
		241A15EE26D659F80076966B /* RegisterViewController.swift in Sources */ = {isa = PBXBuildFile; fileRef = 241A15ED26D659F80076966B /* RegisterViewController.swift */; };
		241A15F026D6695E0076966B /* welcomeViewController.swift in Sources */ = {isa = PBXBuildFile; fileRef = 241A15EF26D6695E0076966B /* welcomeViewController.swift */; };
		241A15F226D66B030076966B /* LoginModel.swift in Sources */ = {isa = PBXBuildFile; fileRef = 241A15F126D66B030076966B /* LoginModel.swift */; };
		24610E5A26D641D5004B6885 /* RegisterModel.swift in Sources */ = {isa = PBXBuildFile; fileRef = 24610E5926D641D5004B6885 /* RegisterModel.swift */; };
		24610E5F26D65148004B6885 /* Constants.swift in Sources */ = {isa = PBXBuildFile; fileRef = 24610E5E26D65148004B6885 /* Constants.swift */; };
		24610E6226D6549B004B6885 /* APIManager.swift in Sources */ = {isa = PBXBuildFile; fileRef = 24610E6126D6549B004B6885 /* APIManager.swift */; };
		24D5C65426D621C30035319B /* AppDelegate.swift in Sources */ = {isa = PBXBuildFile; fileRef = 24D5C65326D621C30035319B /* AppDelegate.swift */; };
		24D5C65626D621C30035319B /* SceneDelegate.swift in Sources */ = {isa = PBXBuildFile; fileRef = 24D5C65526D621C30035319B /* SceneDelegate.swift */; };
		24D5C65826D621C30035319B /* ViewController.swift in Sources */ = {isa = PBXBuildFile; fileRef = 24D5C65726D621C30035319B /* ViewController.swift */; };
		24D5C65B26D621C30035319B /* Main.storyboard in Resources */ = {isa = PBXBuildFile; fileRef = 24D5C65926D621C30035319B /* Main.storyboard */; };
		24D5C65D26D621C50035319B /* Assets.xcassets in Resources */ = {isa = PBXBuildFile; fileRef = 24D5C65C26D621C50035319B /* Assets.xcassets */; };
		24D5C66026D621C50035319B /* LaunchScreen.storyboard in Resources */ = {isa = PBXBuildFile; fileRef = 24D5C65E26D621C50035319B /* LaunchScreen.storyboard */; };
/* End PBXBuildFile section */

/* Begin PBXFileReference section */
		241A15ED26D659F80076966B /* RegisterViewController.swift */ = {isa = PBXFileReference; lastKnownFileType = sourcecode.swift; path = RegisterViewController.swift; sourceTree = "<group>"; };
		241A15EF26D6695E0076966B /* welcomeViewController.swift */ = {isa = PBXFileReference; lastKnownFileType = sourcecode.swift; path = welcomeViewController.swift; sourceTree = "<group>"; };
		241A15F126D66B030076966B /* LoginModel.swift */ = {isa = PBXFileReference; lastKnownFileType = sourcecode.swift; path = LoginModel.swift; sourceTree = "<group>"; };
		24610E5926D641D5004B6885 /* RegisterModel.swift */ = {isa = PBXFileReference; lastKnownFileType = sourcecode.swift; path = RegisterModel.swift; sourceTree = "<group>"; };
		24610E5E26D65148004B6885 /* Constants.swift */ = {isa = PBXFileReference; lastKnownFileType = sourcecode.swift; path = Constants.swift; sourceTree = "<group>"; };
		24610E6126D6549B004B6885 /* APIManager.swift */ = {isa = PBXFileReference; lastKnownFileType = sourcecode.swift; path = APIManager.swift; sourceTree = "<group>"; };
		24D5C65026D621C30035319B /* API Demo.app */ = {isa = PBXFileReference; explicitFileType = wrapper.application; includeInIndex = 0; path = "API Demo.app"; sourceTree = BUILT_PRODUCTS_DIR; };
		24D5C65326D621C30035319B /* AppDelegate.swift */ = {isa = PBXFileReference; lastKnownFileType = sourcecode.swift; path = AppDelegate.swift; sourceTree = "<group>"; };
		24D5C65526D621C30035319B /* SceneDelegate.swift */ = {isa = PBXFileReference; lastKnownFileType = sourcecode.swift; path = SceneDelegate.swift; sourceTree = "<group>"; };
		24D5C65726D621C30035319B /* ViewController.swift */ = {isa = PBXFileReference; lastKnownFileType = sourcecode.swift; path = ViewController.swift; sourceTree = "<group>"; };
		24D5C65A26D621C30035319B /* Base */ = {isa = PBXFileReference; lastKnownFileType = file.storyboard; name = Base; path = Base.lproj/Main.storyboard; sourceTree = "<group>"; };
		24D5C65C26D621C50035319B /* Assets.xcassets */ = {isa = PBXFileReference; lastKnownFileType = folder.assetcatalog; path = Assets.xcassets; sourceTree = "<group>"; };
		24D5C65F26D621C50035319B /* Base */ = {isa = PBXFileReference; lastKnownFileType = file.storyboard; name = Base; path = Base.lproj/LaunchScreen.storyboard; sourceTree = "<group>"; };
		24D5C66126D621C50035319B /* Info.plist */ = {isa = PBXFileReference; lastKnownFileType = text.plist; name = Info.plist; path = ../Info.plist; sourceTree = "<group>"; };
/* End PBXFileReference section */

/* Begin PBXFrameworksBuildPhase section */
		24D5C64D26D621C30035319B /* Frameworks */ = {
			isa = PBXFrameworksBuildPhase;
			buildActionMask = 2147483647;
			files = (
				241A15EC26D656500076966B /* Alamofire in Frameworks */,
			);
			runOnlyForDeploymentPostprocessing = 0;
		};
/* End PBXFrameworksBuildPhase section */

/* Begin PBXGroup section */
		24610E5D26D65133004B6885 /* Constant */ = {
			isa = PBXGroup;
			children = (
				24610E5E26D65148004B6885 /* Constants.swift */,
			);
			path = Constant;
			sourceTree = "<group>";
		};
		24610E6026D65487004B6885 /* APIManager */ = {
			isa = PBXGroup;
			children = (
				24610E6126D6549B004B6885 /* APIManager.swift */,
			);
			path = APIManager;
			sourceTree = "<group>";
		};
		24D5C64726D621C30035319B = {
			isa = PBXGroup;
			children = (
				24D5C65226D621C30035319B /* API Demo */,
				24D5C65126D621C30035319B /* Products */,
			);
			sourceTree = "<group>";
		};
		24D5C65126D621C30035319B /* Products */ = {
			isa = PBXGroup;
			children = (
				24D5C65026D621C30035319B /* API Demo.app */,
			);
			name = Products;
			sourceTree = "<group>";
		};
		24D5C65226D621C30035319B /* API Demo */ = {
			isa = PBXGroup;
			children = (
				24D5C66126D621C50035319B /* Info.plist */,
				24610E6026D65487004B6885 /* APIManager */,
				24610E5D26D65133004B6885 /* Constant */,
				24D5C66926D636EF0035319B /* Model */,
				24D5C66A26D636F50035319B /* ViewModel */,
				24D5C66F26D6384B0035319B /* Manager */,
				24D5C66D26D6371E0035319B /* Controller */,
				24D5C66C26D637150035319B /* Views */,
				24D5C66B26D637090035319B /* SupportedFiles */,
			);
			path = "API Demo";
			sourceTree = "<group>";
		};
		24D5C66926D636EF0035319B /* Model */ = {
			isa = PBXGroup;
			children = (
				24610E5926D641D5004B6885 /* RegisterModel.swift */,
				241A15F126D66B030076966B /* LoginModel.swift */,
			);
			path = Model;
			sourceTree = "<group>";
		};
		24D5C66A26D636F50035319B /* ViewModel */ = {
			isa = PBXGroup;
			children = (
			);
			path = ViewModel;
			sourceTree = "<group>";
		};
		24D5C66B26D637090035319B /* SupportedFiles */ = {
			isa = PBXGroup;
			children = (
				24D5C65C26D621C50035319B /* Assets.xcassets */,
				24D5C65326D621C30035319B /* AppDelegate.swift */,
				24D5C65526D621C30035319B /* SceneDelegate.swift */,
			);
			path = SupportedFiles;
			sourceTree = "<group>";
		};
		24D5C66C26D637150035319B /* Views */ = {
			isa = PBXGroup;
			children = (
				24D5C65926D621C30035319B /* Main.storyboard */,
				24D5C65E26D621C50035319B /* LaunchScreen.storyboard */,
			);
			path = Views;
			sourceTree = "<group>";
		};
		24D5C66D26D6371E0035319B /* Controller */ = {
			isa = PBXGroup;
			children = (
				24D5C65726D621C30035319B /* ViewController.swift */,
				241A15ED26D659F80076966B /* RegisterViewController.swift */,
				241A15EF26D6695E0076966B /* welcomeViewController.swift */,
			);
			path = Controller;
			sourceTree = "<group>";
		};
		24D5C66F26D6384B0035319B /* Manager */ = {
			isa = PBXGroup;
			children = (
			);
			path = Manager;
			sourceTree = "<group>";
		};
/* End PBXGroup section */

/* Begin PBXNativeTarget section */
		24D5C64F26D621C30035319B /* API Demo */ = {
			isa = PBXNativeTarget;
			buildConfigurationList = 24D5C66426D621C50035319B /* Build configuration list for PBXNativeTarget "API Demo" */;
			buildPhases = (
				24D5C64C26D621C30035319B /* Sources */,
				24D5C64D26D621C30035319B /* Frameworks */,
				24D5C64E26D621C30035319B /* Resources */,
			);
			buildRules = (
			);
			dependencies = (
			);
			name = "API Demo";
			packageProductDependencies = (
				241A15EB26D656500076966B /* Alamofire */,
			);
			productName = "API Demo";
			productReference = 24D5C65026D621C30035319B /* API Demo.app */;
			productType = "com.apple.product-type.application";
		};
/* End PBXNativeTarget section */

/* Begin PBXProject section */
		24D5C64826D621C30035319B /* Project object */ = {
			isa = PBXProject;
			attributes = {
				LastSwiftUpdateCheck = 1250;
				LastUpgradeCheck = 1250;
				TargetAttributes = {
					24D5C64F26D621C30035319B = {
						CreatedOnToolsVersion = 12.5.1;
					};
				};
			};
			buildConfigurationList = 24D5C64B26D621C30035319B /* Build configuration list for PBXProject "API Demo" */;
			compatibilityVersion = "Xcode 9.3";
			developmentRegion = en;
			hasScannedForEncodings = 0;
			knownRegions = (
				en,
				Base,
			);
			mainGroup = 24D5C64726D621C30035319B;
			packageReferences = (
				241A15EA26D656500076966B /* XCRemoteSwiftPackageReference "Alamofire" */,
			);
			productRefGroup = 24D5C65126D621C30035319B /* Products */;
			projectDirPath = "";
			projectRoot = "";
			targets = (
				24D5C64F26D621C30035319B /* API Demo */,
			);
		};
/* End PBXProject section */

/* Begin PBXResourcesBuildPhase section */
		24D5C64E26D621C30035319B /* Resources */ = {
			isa = PBXResourcesBuildPhase;
			buildActionMask = 2147483647;
			files = (
				24D5C66026D621C50035319B /* LaunchScreen.storyboard in Resources */,
				24D5C65D26D621C50035319B /* Assets.xcassets in Resources */,
				24D5C65B26D621C30035319B /* Main.storyboard in Resources */,
			);
			runOnlyForDeploymentPostprocessing = 0;
		};
/* End PBXResourcesBuildPhase section */

/* Begin PBXSourcesBuildPhase section */
		24D5C64C26D621C30035319B /* Sources */ = {
			isa = PBXSourcesBuildPhase;
			buildActionMask = 2147483647;
			files = (
				24610E6226D6549B004B6885 /* APIManager.swift in Sources */,
				241A15F026D6695E0076966B /* welcomeViewController.swift in Sources */,
				24610E5F26D65148004B6885 /* Constants.swift in Sources */,
				241A15EE26D659F80076966B /* RegisterViewController.swift in Sources */,
				241A15F226D66B030076966B /* LoginModel.swift in Sources */,
				24610E5A26D641D5004B6885 /* RegisterModel.swift in Sources */,
				24D5C65826D621C30035319B /* ViewController.swift in Sources */,
				24D5C65426D621C30035319B /* AppDelegate.swift in Sources */,
				24D5C65626D621C30035319B /* SceneDelegate.swift in Sources */,
			);
			runOnlyForDeploymentPostprocessing = 0;
		};
/* End PBXSourcesBuildPhase section */

/* Begin PBXVariantGroup section */
		24D5C65926D621C30035319B /* Main.storyboard */ = {
			isa = PBXVariantGroup;
			children = (
				24D5C65A26D621C30035319B /* Base */,
			);
			name = Main.storyboard;
			sourceTree = "<group>";
		};
		24D5C65E26D621C50035319B /* LaunchScreen.storyboard */ = {
			isa = PBXVariantGroup;
			children = (
				24D5C65F26D621C50035319B /* Base */,
			);
			name = LaunchScreen.storyboard;
			sourceTree = "<group>";
		};
/* End PBXVariantGroup section */

/* Begin XCBuildConfiguration section */
		24D5C66226D621C50035319B /* Debug */ = {
			isa = XCBuildConfiguration;
			buildSettings = {
				ALWAYS_SEARCH_USER_PATHS = NO;
				CLANG_ANALYZER_NONNULL = YES;
				CLANG_ANALYZER_NUMBER_OBJECT_CONVERSION = YES_AGGRESSIVE;
				CLANG_CXX_LANGUAGE_STANDARD = "gnu++14";
				CLANG_CXX_LIBRARY = "libc++";
				CLANG_ENABLE_MODULES = YES;
				CLANG_ENABLE_OBJC_ARC = YES;
				CLANG_ENABLE_OBJC_WEAK = YES;
				CLANG_WARN_BLOCK_CAPTURE_AUTORELEASING = YES;
				CLANG_WARN_BOOL_CONVERSION = YES;
				CLANG_WARN_COMMA = YES;
				CLANG_WARN_CONSTANT_CONVERSION = YES;
				CLANG_WARN_DEPRECATED_OBJC_IMPLEMENTATIONS = YES;
				CLANG_WARN_DIRECT_OBJC_ISA_USAGE = YES_ERROR;
				CLANG_WARN_DOCUMENTATION_COMMENTS = YES;
				CLANG_WARN_EMPTY_BODY = YES;
				CLANG_WARN_ENUM_CONVERSION = YES;
				CLANG_WARN_INFINITE_RECURSION = YES;
				CLANG_WARN_INT_CONVERSION = YES;
				CLANG_WARN_NON_LITERAL_NULL_CONVERSION = YES;
				CLANG_WARN_OBJC_IMPLICIT_RETAIN_SELF = YES;
				CLANG_WARN_OBJC_LITERAL_CONVERSION = YES;
				CLANG_WARN_OBJC_ROOT_CLASS = YES_ERROR;
				CLANG_WARN_QUOTED_INCLUDE_IN_FRAMEWORK_HEADER = YES;
				CLANG_WARN_RANGE_LOOP_ANALYSIS = YES;
				CLANG_WARN_STRICT_PROTOTYPES = YES;
				CLANG_WARN_SUSPICIOUS_MOVE = YES;
				CLANG_WARN_UNGUARDED_AVAILABILITY = YES_AGGRESSIVE;
				CLANG_WARN_UNREACHABLE_CODE = YES;
				CLANG_WARN__DUPLICATE_METHOD_MATCH = YES;
				COPY_PHASE_STRIP = NO;
				DEBUG_INFORMATION_FORMAT = dwarf;
				ENABLE_STRICT_OBJC_MSGSEND = YES;
				ENABLE_TESTABILITY = YES;
				GCC_C_LANGUAGE_STANDARD = gnu11;
				GCC_DYNAMIC_NO_PIC = NO;
				GCC_NO_COMMON_BLOCKS = YES;
				GCC_OPTIMIZATION_LEVEL = 0;
				GCC_PREPROCESSOR_DEFINITIONS = (
					"DEBUG=1",
					"$(inherited)",
				);
				GCC_WARN_64_TO_32_BIT_CONVERSION = YES;
				GCC_WARN_ABOUT_RETURN_TYPE = YES_ERROR;
				GCC_WARN_UNDECLARED_SELECTOR = YES;
				GCC_WARN_UNINITIALIZED_AUTOS = YES_AGGRESSIVE;
				GCC_WARN_UNUSED_FUNCTION = YES;
				GCC_WARN_UNUSED_VARIABLE = YES;
				IPHONEOS_DEPLOYMENT_TARGET = 14.5;
				MTL_ENABLE_DEBUG_INFO = INCLUDE_SOURCE;
				MTL_FAST_MATH = YES;
				ONLY_ACTIVE_ARCH = YES;
				SDKROOT = iphoneos;
				SWIFT_ACTIVE_COMPILATION_CONDITIONS = DEBUG;
				SWIFT_OPTIMIZATION_LEVEL = "-Onone";
			};
			name = Debug;
		};
		24D5C66326D621C50035319B /* Release */ = {
			isa = XCBuildConfiguration;
			buildSettings = {
				ALWAYS_SEARCH_USER_PATHS = NO;
				CLANG_ANALYZER_NONNULL = YES;
				CLANG_ANALYZER_NUMBER_OBJECT_CONVERSION = YES_AGGRESSIVE;
				CLANG_CXX_LANGUAGE_STANDARD = "gnu++14";
				CLANG_CXX_LIBRARY = "libc++";
				CLANG_ENABLE_MODULES = YES;
				CLANG_ENABLE_OBJC_ARC = YES;
				CLANG_ENABLE_OBJC_WEAK = YES;
				CLANG_WARN_BLOCK_CAPTURE_AUTORELEASING = YES;
				CLANG_WARN_BOOL_CONVERSION = YES;
				CLANG_WARN_COMMA = YES;
				CLANG_WARN_CONSTANT_CONVERSION = YES;
				CLANG_WARN_DEPRECATED_OBJC_IMPLEMENTATIONS = YES;
				CLANG_WARN_DIRECT_OBJC_ISA_USAGE = YES_ERROR;
				CLANG_WARN_DOCUMENTATION_COMMENTS = YES;
				CLANG_WARN_EMPTY_BODY = YES;
				CLANG_WARN_ENUM_CONVERSION = YES;
				CLANG_WARN_INFINITE_RECURSION = YES;
				CLANG_WARN_INT_CONVERSION = YES;
				CLANG_WARN_NON_LITERAL_NULL_CONVERSION = YES;
				CLANG_WARN_OBJC_IMPLICIT_RETAIN_SELF = YES;
				CLANG_WARN_OBJC_LITERAL_CONVERSION = YES;
				CLANG_WARN_OBJC_ROOT_CLASS = YES_ERROR;
				CLANG_WARN_QUOTED_INCLUDE_IN_FRAMEWORK_HEADER = YES;
				CLANG_WARN_RANGE_LOOP_ANALYSIS = YES;
				CLANG_WARN_STRICT_PROTOTYPES = YES;
				CLANG_WARN_SUSPICIOUS_MOVE = YES;
				CLANG_WARN_UNGUARDED_AVAILABILITY = YES_AGGRESSIVE;
				CLANG_WARN_UNREACHABLE_CODE = YES;
				CLANG_WARN__DUPLICATE_METHOD_MATCH = YES;
				COPY_PHASE_STRIP = NO;
				DEBUG_INFORMATION_FORMAT = "dwarf-with-dsym";
				ENABLE_NS_ASSERTIONS = NO;
				ENABLE_STRICT_OBJC_MSGSEND = YES;
				GCC_C_LANGUAGE_STANDARD = gnu11;
				GCC_NO_COMMON_BLOCKS = YES;
				GCC_WARN_64_TO_32_BIT_CONVERSION = YES;
				GCC_WARN_ABOUT_RETURN_TYPE = YES_ERROR;
				GCC_WARN_UNDECLARED_SELECTOR = YES;
				GCC_WARN_UNINITIALIZED_AUTOS = YES_AGGRESSIVE;
				GCC_WARN_UNUSED_FUNCTION = YES;
				GCC_WARN_UNUSED_VARIABLE = YES;
				IPHONEOS_DEPLOYMENT_TARGET = 14.5;
				MTL_ENABLE_DEBUG_INFO = NO;
				MTL_FAST_MATH = YES;
				SDKROOT = iphoneos;
				SWIFT_COMPILATION_MODE = wholemodule;
				SWIFT_OPTIMIZATION_LEVEL = "-O";
				VALIDATE_PRODUCT = YES;
			};
			name = Release;
		};
		24D5C66526D621C50035319B /* Debug */ = {
			isa = XCBuildConfiguration;
			buildSettings = {
				ASSETCATALOG_COMPILER_APPICON_NAME = AppIcon;
				ASSETCATALOG_COMPILER_GLOBAL_ACCENT_COLOR_NAME = AccentColor;
				CODE_SIGN_STYLE = Automatic;
				DEVELOPMENT_TEAM = G264P6PRVG;
				INFOPLIST_FILE = "/Users/sikandarali/Desktop/API Demo/Info.plist";
				LD_RUNPATH_SEARCH_PATHS = (
					"$(inherited)",
					"@executable_path/Frameworks",
				);
				PRODUCT_BUNDLE_IDENTIFIER = "com.myemart.pk.API-Demo";
				PRODUCT_NAME = "$(TARGET_NAME)";
				SWIFT_VERSION = 5.0;
				TARGETED_DEVICE_FAMILY = "1,2";
			};
			name = Debug;
		};
		24D5C66626D621C50035319B /* Release */ = {
			isa = XCBuildConfiguration;
			buildSettings = {
				ASSETCATALOG_COMPILER_APPICON_NAME = AppIcon;
				ASSETCATALOG_COMPILER_GLOBAL_ACCENT_COLOR_NAME = AccentColor;
				CODE_SIGN_STYLE = Automatic;
				DEVELOPMENT_TEAM = G264P6PRVG;
				INFOPLIST_FILE = "/Users/sikandarali/Desktop/API Demo/Info.plist";
				LD_RUNPATH_SEARCH_PATHS = (
					"$(inherited)",
					"@executable_path/Frameworks",
				);
				PRODUCT_BUNDLE_IDENTIFIER = "com.myemart.pk.API-Demo";
				PRODUCT_NAME = "$(TARGET_NAME)";
				SWIFT_VERSION = 5.0;
				TARGETED_DEVICE_FAMILY = "1,2";
			};
			name = Release;
		};
/* End XCBuildConfiguration section */

/* Begin XCConfigurationList section */
		24D5C64B26D621C30035319B /* Build configuration list for PBXProject "API Demo" */ = {
			isa = XCConfigurationList;
			buildConfigurations = (
				24D5C66226D621C50035319B /* Debug */,
				24D5C66326D621C50035319B /* Release */,
			);
			defaultConfigurationIsVisible = 0;
			defaultConfigurationName = Release;
		};
		24D5C66426D621C50035319B /* Build configuration list for PBXNativeTarget "API Demo" */ = {
			isa = XCConfigurationList;
			buildConfigurations = (
				24D5C66526D621C50035319B /* Debug */,
				24D5C66626D621C50035319B /* Release */,
			);
			defaultConfigurationIsVisible = 0;
			defaultConfigurationName = Release;
		};
/* End XCConfigurationList section */

/* Begin XCRemoteSwiftPackageReference section */
		241A15EA26D656500076966B /* XCRemoteSwiftPackageReference "Alamofire" */ = {
			isa = XCRemoteSwiftPackageReference;
			repositoryURL = "https://github.com/Alamofire/Alamofire.git";
			requirement = {
				kind = upToNextMajorVersion;
				minimumVersion = 5.4.3;
			};
		};
/* End XCRemoteSwiftPackageReference section */

/* Begin XCSwiftPackageProductDependency section */
		241A15EB26D656500076966B /* Alamofire */ = {
			isa = XCSwiftPackageProductDependency;
			package = 241A15EA26D656500076966B /* XCRemoteSwiftPackageReference "Alamofire" */;
			productName = Alamofire;
		};
/* End XCSwiftPackageProductDependency section */
	};
	rootObject = 24D5C64826D621C30035319B /* Project object */;
}
